
Microsoft Visual Studio Solution File, Format Version 12.00
# Visual Studio Version 16
VisualStudioVersion = 16.0.29102.190
MinimumVisualStudioVersion = 10.0.40219.1
Project("{FAE04EC0-301F-11D3-BF4B-00C04F79EFBC}") = "Bahavioral.TemplateMethod", "Bahavioral.TemplateMethod\Bahavioral.TemplateMethod.csproj", "{B4F4E3F0-ABBF-4A34-8B69-DF1523B2FDC1}"
EndProject
Global
	GlobalSection(SolutionConfigurationPlatforms) = preSolution
		Debug|Any CPU = Debug|Any CPU
		Release|Any CPU = Release|Any CPU
	EndGlobalSection
	GlobalSection(ProjectConfigurationPlatforms) = postSolution
		{B4F4E3F0-ABBF-4A34-8B69-DF1523B2FDC1}.Debug|Any CPU.ActiveCfg = Debug|Any CPU
		{B4F4E3F0-ABBF-4A34-8B69-DF1523B2FDC1}.Debug|Any CPU.Build.0 = Debug|Any CPU
		{B4F4E3F0-ABBF-4A34-8B69-DF1523B2FDC1}.Release|Any CPU.ActiveCfg = Release|Any CPU
		{B4F4E3F0-ABBF-4A34-8B69-DF1523B2FDC1}.Release|Any CPU.Build.0 = Release|Any CPU
	EndGlobalSection
	GlobalSection(SolutionProperties) = preSolution
		HideSolutionNode = FALSE
	EndGlobalSection
	GlobalSection(ExtensibilityGlobals) = postSolution
		SolutionGuid = {FC5128DC-4BFB-428B-9E0F-148C0E0C2271}
	EndGlobalSection
EndGlobal
